
Microsoft Visual Studio Solution File, Format Version 12.00
# Visual Studio Version 16
VisualStudioVersion = 16.0.30320.27
MinimumVisualStudioVersion = 10.0.40219.1
Project("{9A19103F-16F7-4668-BE54-9A1E7A4F7556}") = "GiveEasy", "GiveEasy.csproj", "{4FC071CC-12E4-4248-BDD5-F2031CC82A1C}"
EndProject
Global
	GlobalSection(SolutionConfigurationPlatforms) = preSolution
		Debug|Any CPU = Debug|Any CPU
		Release|Any CPU = Release|Any CPU
	EndGlobalSection
	GlobalSection(ProjectConfigurationPlatforms) = postSolution
		{4FC071CC-12E4-4248-BDD5-F2031CC82A1C}.Debug|Any CPU.ActiveCfg = Debug|Any CPU
		{4FC071CC-12E4-4248-BDD5-F2031CC82A1C}.Debug|Any CPU.Build.0 = Debug|Any CPU
		{4FC071CC-12E4-4248-BDD5-F2031CC82A1C}.Release|Any CPU.ActiveCfg = Release|Any CPU
		{4FC071CC-12E4-4248-BDD5-F2031CC82A1C}.Release|Any CPU.Build.0 = Release|Any CPU
	EndGlobalSection
	GlobalSection(SolutionProperties) = preSolution
		HideSolutionNode = FALSE
	EndGlobalSection
	GlobalSection(ExtensibilityGlobals) = postSolution
		SolutionGuid = {103B12D9-557A-4FE3-A0C9-6909ED4BD6EA}
	EndGlobalSection
EndGlobal
